// !$*UTF8*$!
{
	archiveVersion = 1;
	classes = {
	};
	objectVersion = 56;
	objects = {

/* Begin PBXBuildFile section */
		B844AA8C2B9F2D8E00DE47C5 /* PinchApp.swift in Sources */ = {isa = PBXBuildFile; fileRef = B844AA8B2B9F2D8E00DE47C5 /* PinchApp.swift */; };
		B844AA8E2B9F2D8E00DE47C5 /* ContentView.swift in Sources */ = {isa = PBXBuildFile; fileRef = B844AA8D2B9F2D8E00DE47C5 /* ContentView.swift */; };
		B844AA902B9F2D8F00DE47C5 /* Assets.xcassets in Resources */ = {isa = PBXBuildFile; fileRef = B844AA8F2B9F2D8F00DE47C5 /* Assets.xcassets */; };
		B844AA932B9F2D8F00DE47C5 /* Preview Assets.xcassets in Resources */ = {isa = PBXBuildFile; fileRef = B844AA922B9F2D8F00DE47C5 /* Preview Assets.xcassets */; };
		B844AA9D2B9F2D8F00DE47C5 /* PinchTests.swift in Sources */ = {isa = PBXBuildFile; fileRef = B844AA9C2B9F2D8F00DE47C5 /* PinchTests.swift */; };
		B844AAA72B9F2D8F00DE47C5 /* PinchUITests.swift in Sources */ = {isa = PBXBuildFile; fileRef = B844AAA62B9F2D8F00DE47C5 /* PinchUITests.swift */; };
		B844AAA92B9F2D8F00DE47C5 /* PinchUITestsLaunchTests.swift in Sources */ = {isa = PBXBuildFile; fileRef = B844AAA82B9F2D8F00DE47C5 /* PinchUITestsLaunchTests.swift */; };
/* End PBXBuildFile section */

/* Begin PBXContainerItemProxy section */
		B844AA992B9F2D8F00DE47C5 /* PBXContainerItemProxy */ = {
			isa = PBXContainerItemProxy;
			containerPortal = B844AA802B9F2D8E00DE47C5 /* Project object */;
			proxyType = 1;
			remoteGlobalIDString = B844AA872B9F2D8E00DE47C5;
			remoteInfo = Pinch;
		};
		B844AAA32B9F2D8F00DE47C5 /* PBXContainerItemProxy */ = {
			isa = PBXContainerItemProxy;
			containerPortal = B844AA802B9F2D8E00DE47C5 /* Project object */;
			proxyType = 1;
			remoteGlobalIDString = B844AA872B9F2D8E00DE47C5;
			remoteInfo = Pinch;
		};
/* End PBXContainerItemProxy section */

/* Begin PBXFileReference section */
		B844AA882B9F2D8E00DE47C5 /* Pinch.app */ = {isa = PBXFileReference; explicitFileType = wrapper.application; includeInIndex = 0; path = Pinch.app; sourceTree = BUILT_PRODUCTS_DIR; };
		B844AA8B2B9F2D8E00DE47C5 /* PinchApp.swift */ = {isa = PBXFileReference; lastKnownFileType = sourcecode.swift; path = PinchApp.swift; sourceTree = "<group>"; };
		B844AA8D2B9F2D8E00DE47C5 /* ContentView.swift */ = {isa = PBXFileReference; lastKnownFileType = sourcecode.swift; path = ContentView.swift; sourceTree = "<group>"; };
		B844AA8F2B9F2D8F00DE47C5 /* Assets.xcassets */ = {isa = PBXFileReference; lastKnownFileType = folder.assetcatalog; path = Assets.xcassets; sourceTree = "<group>"; };
		B844AA922B9F2D8F00DE47C5 /* Preview Assets.xcassets */ = {isa = PBXFileReference; lastKnownFileType = folder.assetcatalog; path = "Preview Assets.xcassets"; sourceTree = "<group>"; };
		B844AA982B9F2D8F00DE47C5 /* PinchTests.xctest */ = {isa = PBXFileReference; explicitFileType = wrapper.cfbundle; includeInIndex = 0; path = PinchTests.xctest; sourceTree = BUILT_PRODUCTS_DIR; };
		B844AA9C2B9F2D8F00DE47C5 /* PinchTests.swift */ = {isa = PBXFileReference; lastKnownFileType = sourcecode.swift; path = PinchTests.swift; sourceTree = "<group>"; };
		B844AAA22B9F2D8F00DE47C5 /* PinchUITests.xctest */ = {isa = PBXFileReference; explicitFileType = wrapper.cfbundle; includeInIndex = 0; path = PinchUITests.xctest; sourceTree = BUILT_PRODUCTS_DIR; };
		B844AAA62B9F2D8F00DE47C5 /* PinchUITests.swift */ = {isa = PBXFileReference; lastKnownFileType = sourcecode.swift; path = PinchUITests.swift; sourceTree = "<group>"; };
		B844AAA82B9F2D8F00DE47C5 /* PinchUITestsLaunchTests.swift */ = {isa = PBXFileReference; lastKnownFileType = sourcecode.swift; path = PinchUITestsLaunchTests.swift; sourceTree = "<group>"; };
/* End PBXFileReference section */

/* Begin PBXFrameworksBuildPhase section */
		B844AA852B9F2D8E00DE47C5 /* Frameworks */ = {
			isa = PBXFrameworksBuildPhase;
			buildActionMask = 2147483647;
			files = (
			);
			runOnlyForDeploymentPostprocessing = 0;
		};
		B844AA952B9F2D8F00DE47C5 /* Frameworks */ = {
			isa = PBXFrameworksBuildPhase;
			buildActionMask = 2147483647;
			files = (
			);
			runOnlyForDeploymentPostprocessing = 0;
		};
		B844AA9F2B9F2D8F00DE47C5 /* Frameworks */ = {
			isa = PBXFrameworksBuildPhase;
			buildActionMask = 2147483647;
			files = (
			);
			runOnlyForDeploymentPostprocessing = 0;
		};
/* End PBXFrameworksBuildPhase section */

/* Begin PBXGroup section */
		B844AA7F2B9F2D8E00DE47C5 = {
			isa = PBXGroup;
			children = (
				B844AA8A2B9F2D8E00DE47C5 /* Pinch */,
				B844AA9B2B9F2D8F00DE47C5 /* PinchTests */,
				B844AAA52B9F2D8F00DE47C5 /* PinchUITests */,
				B844AA892B9F2D8E00DE47C5 /* Products */,
			);
			sourceTree = "<group>";
		};
		B844AA892B9F2D8E00DE47C5 /* Products */ = {
			isa = PBXGroup;
			children = (
				B844AA882B9F2D8E00DE47C5 /* Pinch.app */,
				B844AA982B9F2D8F00DE47C5 /* PinchTests.xctest */,
				B844AAA22B9F2D8F00DE47C5 /* PinchUITests.xctest */,
			);
			name = Products;
			sourceTree = "<group>";
		};
		B844AA8A2B9F2D8E00DE47C5 /* Pinch */ = {
			isa = PBXGroup;
			children = (
				B844AA8B2B9F2D8E00DE47C5 /* PinchApp.swift */,
				B844AA8D2B9F2D8E00DE47C5 /* ContentView.swift */,
				B844AA8F2B9F2D8F00DE47C5 /* Assets.xcassets */,
				B844AA912B9F2D8F00DE47C5 /* Preview Content */,
			);
			path = Pinch;
			sourceTree = "<group>";
		};
		B844AA912B9F2D8F00DE47C5 /* Preview Content */ = {
			isa = PBXGroup;
			children = (
				B844AA922B9F2D8F00DE47C5 /* Preview Assets.xcassets */,
			);
			path = "Preview Content";
			sourceTree = "<group>";
		};
		B844AA9B2B9F2D8F00DE47C5 /* PinchTests */ = {
			isa = PBXGroup;
			children = (
				B844AA9C2B9F2D8F00DE47C5 /* PinchTests.swift */,
			);
			path = PinchTests;
			sourceTree = "<group>";
		};
		B844AAA52B9F2D8F00DE47C5 /* PinchUITests */ = {
			isa = PBXGroup;
			children = (
				B844AAA62B9F2D8F00DE47C5 /* PinchUITests.swift */,
				B844AAA82B9F2D8F00DE47C5 /* PinchUITestsLaunchTests.swift */,
			);
			path = PinchUITests;
			sourceTree = "<group>";
		};
/* End PBXGroup section */

/* Begin PBXNativeTarget section */
		B844AA872B9F2D8E00DE47C5 /* Pinch */ = {
			isa = PBXNativeTarget;
			buildConfigurationList = B844AAAC2B9F2D8F00DE47C5 /* Build configuration list for PBXNativeTarget "Pinch" */;
			buildPhases = (
				B844AA842B9F2D8E00DE47C5 /* Sources */,
				B844AA852B9F2D8E00DE47C5 /* Frameworks */,
				B844AA862B9F2D8E00DE47C5 /* Resources */,
			);
			buildRules = (
			);
			dependencies = (
			);
			name = Pinch;
			productName = Pinch;
			productReference = B844AA882B9F2D8E00DE47C5 /* Pinch.app */;
			productType = "com.apple.product-type.application";
		};
		B844AA972B9F2D8F00DE47C5 /* PinchTests */ = {
			isa = PBXNativeTarget;
			buildConfigurationList = B844AAAF2B9F2D8F00DE47C5 /* Build configuration list for PBXNativeTarget "PinchTests" */;
			buildPhases = (
				B844AA942B9F2D8F00DE47C5 /* Sources */,
				B844AA952B9F2D8F00DE47C5 /* Frameworks */,
				B844AA962B9F2D8F00DE47C5 /* Resources */,
			);
			buildRules = (
			);
			dependencies = (
				B844AA9A2B9F2D8F00DE47C5 /* PBXTargetDependency */,
			);
			name = PinchTests;
			productName = PinchTests;
			productReference = B844AA982B9F2D8F00DE47C5 /* PinchTests.xctest */;
			productType = "com.apple.product-type.bundle.unit-test";
		};
		B844AAA12B9F2D8F00DE47C5 /* PinchUITests */ = {
			isa = PBXNativeTarget;
			buildConfigurationList = B844AAB22B9F2D8F00DE47C5 /* Build configuration list for PBXNativeTarget "PinchUITests" */;
			buildPhases = (
				B844AA9E2B9F2D8F00DE47C5 /* Sources */,
				B844AA9F2B9F2D8F00DE47C5 /* Frameworks */,
				B844AAA02B9F2D8F00DE47C5 /* Resources */,
			);
			buildRules = (
			);
			dependencies = (
				B844AAA42B9F2D8F00DE47C5 /* PBXTargetDependency */,
			);
			name = PinchUITests;
			productName = PinchUITests;
			productReference = B844AAA22B9F2D8F00DE47C5 /* PinchUITests.xctest */;
			productType = "com.apple.product-type.bundle.ui-testing";
		};
/* End PBXNativeTarget section */

/* Begin PBXProject section */
		B844AA802B9F2D8E00DE47C5 /* Project object */ = {
			isa = PBXProject;
			attributes = {
				BuildIndependentTargetsInParallel = 1;
				LastSwiftUpdateCheck = 1530;
				LastUpgradeCheck = 1530;
				TargetAttributes = {
					B844AA872B9F2D8E00DE47C5 = {
						CreatedOnToolsVersion = 15.3;
					};
					B844AA972B9F2D8F00DE47C5 = {
						CreatedOnToolsVersion = 15.3;
						TestTargetID = B844AA872B9F2D8E00DE47C5;
					};
					B844AAA12B9F2D8F00DE47C5 = {
						CreatedOnToolsVersion = 15.3;
						TestTargetID = B844AA872B9F2D8E00DE47C5;
					};
				};
			};
			buildConfigurationList = B844AA832B9F2D8E00DE47C5 /* Build configuration list for PBXProject "Pinch" */;
			compatibilityVersion = "Xcode 14.0";
			developmentRegion = en;
			hasScannedForEncodings = 0;
			knownRegions = (
				en,
				Base,
			);
			mainGroup = B844AA7F2B9F2D8E00DE47C5;
			productRefGroup = B844AA892B9F2D8E00DE47C5 /* Products */;
			projectDirPath = "";
			projectRoot = "";
			targets = (
				B844AA872B9F2D8E00DE47C5 /* Pinch */,
				B844AA972B9F2D8F00DE47C5 /* PinchTests */,
				B844AAA12B9F2D8F00DE47C5 /* PinchUITests */,
			);
		};
/* End PBXProject section */

/* Begin PBXResourcesBuildPhase section */
		B844AA862B9F2D8E00DE47C5 /* Resources */ = {
			isa = PBXResourcesBuildPhase;
			buildActionMask = 2147483647;
			files = (
				B844AA932B9F2D8F00DE47C5 /* Preview Assets.xcassets in Resources */,
				B844AA902B9F2D8F00DE47C5 /* Assets.xcassets in Resources */,
			);
			runOnlyForDeploymentPostprocessing = 0;
		};
		B844AA962B9F2D8F00DE47C5 /* Resources */ = {
			isa = PBXResourcesBuildPhase;
			buildActionMask = 2147483647;
			files = (
			);
			runOnlyForDeploymentPostprocessing = 0;
		};
		B844AAA02B9F2D8F00DE47C5 /* Resources */ = {
			isa = PBXResourcesBuildPhase;
			buildActionMask = 2147483647;
			files = (
			);
			runOnlyForDeploymentPostprocessing = 0;
		};
/* End PBXResourcesBuildPhase section */

/* Begin PBXSourcesBuildPhase section */
		B844AA842B9F2D8E00DE47C5 /* Sources */ = {
			isa = PBXSourcesBuildPhase;
			buildActionMask = 2147483647;
			files = (
				B844AA8E2B9F2D8E00DE47C5 /* ContentView.swift in Sources */,
				B844AA8C2B9F2D8E00DE47C5 /* PinchApp.swift in Sources */,
			);
			runOnlyForDeploymentPostprocessing = 0;
		};
		B844AA942B9F2D8F00DE47C5 /* Sources */ = {
			isa = PBXSourcesBuildPhase;
			buildActionMask = 2147483647;
			files = (
				B844AA9D2B9F2D8F00DE47C5 /* PinchTests.swift in Sources */,
			);
			runOnlyForDeploymentPostprocessing = 0;
		};
		B844AA9E2B9F2D8F00DE47C5 /* Sources */ = {
			isa = PBXSourcesBuildPhase;
			buildActionMask = 2147483647;
			files = (
				B844AAA72B9F2D8F00DE47C5 /* PinchUITests.swift in Sources */,
				B844AAA92B9F2D8F00DE47C5 /* PinchUITestsLaunchTests.swift in Sources */,
			);
			runOnlyForDeploymentPostprocessing = 0;
		};
/* End PBXSourcesBuildPhase section */

/* Begin PBXTargetDependency section */
		B844AA9A2B9F2D8F00DE47C5 /* PBXTargetDependency */ = {
			isa = PBXTargetDependency;
			target = B844AA872B9F2D8E00DE47C5 /* Pinch */;
			targetProxy = B844AA992B9F2D8F00DE47C5 /* PBXContainerItemProxy */;
		};
		B844AAA42B9F2D8F00DE47C5 /* PBXTargetDependency */ = {
			isa = PBXTargetDependency;
			target = B844AA872B9F2D8E00DE47C5 /* Pinch */;
			targetProxy = B844AAA32B9F2D8F00DE47C5 /* PBXContainerItemProxy */;
		};
/* End PBXTargetDependency section */

/* Begin XCBuildConfiguration section */
		B844AAAA2B9F2D8F00DE47C5 /* Debug */ = {
			isa = XCBuildConfiguration;
			buildSettings = {
				ALWAYS_SEARCH_USER_PATHS = NO;
				ASSETCATALOG_COMPILER_GENERATE_SWIFT_ASSET_SYMBOL_EXTENSIONS = YES;
				CLANG_ANALYZER_NONNULL = YES;
				CLANG_ANALYZER_NUMBER_OBJECT_CONVERSION = YES_AGGRESSIVE;
				CLANG_CXX_LANGUAGE_STANDARD = "gnu++20";
				CLANG_ENABLE_MODULES = YES;
				CLANG_ENABLE_OBJC_ARC = YES;
				CLANG_ENABLE_OBJC_WEAK = YES;
				CLANG_WARN_BLOCK_CAPTURE_AUTORELEASING = YES;
				CLANG_WARN_BOOL_CONVERSION = YES;
				CLANG_WARN_COMMA = YES;
				CLANG_WARN_CONSTANT_CONVERSION = YES;
				CLANG_WARN_DEPRECATED_OBJC_IMPLEMENTATIONS = YES;
				CLANG_WARN_DIRECT_OBJC_ISA_USAGE = YES_ERROR;
				CLANG_WARN_DOCUMENTATION_COMMENTS = YES;
				CLANG_WARN_EMPTY_BODY = YES;
				CLANG_WARN_ENUM_CONVERSION = YES;
				CLANG_WARN_INFINITE_RECURSION = YES;
				CLANG_WARN_INT_CONVERSION = YES;
				CLANG_WARN_NON_LITERAL_NULL_CONVERSION = YES;
				CLANG_WARN_OBJC_IMPLICIT_RETAIN_SELF = YES;
				CLANG_WARN_OBJC_LITERAL_CONVERSION = YES;
				CLANG_WARN_OBJC_ROOT_CLASS = YES_ERROR;
				CLANG_WARN_QUOTED_INCLUDE_IN_FRAMEWORK_HEADER = YES;
				CLANG_WARN_RANGE_LOOP_ANALYSIS = YES;
				CLANG_WARN_STRICT_PROTOTYPES = YES;
				CLANG_WARN_SUSPICIOUS_MOVE = YES;
				CLANG_WARN_UNGUARDED_AVAILABILITY = YES_AGGRESSIVE;
				CLANG_WARN_UNREACHABLE_CODE = YES;
				CLANG_WARN__DUPLICATE_METHOD_MATCH = YES;
				COPY_PHASE_STRIP = NO;
				DEBUG_INFORMATION_FORMAT = dwarf;
				ENABLE_STRICT_OBJC_MSGSEND = YES;
				ENABLE_TESTABILITY = YES;
				ENABLE_USER_SCRIPT_SANDBOXING = YES;
				GCC_C_LANGUAGE_STANDARD = gnu17;
				GCC_DYNAMIC_NO_PIC = NO;
				GCC_NO_COMMON_BLOCKS = YES;
				GCC_OPTIMIZATION_LEVEL = 0;
				GCC_PREPROCESSOR_DEFINITIONS = (
					"DEBUG=1",
					"$(inherited)",
				);
				GCC_WARN_64_TO_32_BIT_CONVERSION = YES;
				GCC_WARN_ABOUT_RETURN_TYPE = YES_ERROR;
				GCC_WARN_UNDECLARED_SELECTOR = YES;
				GCC_WARN_UNINITIALIZED_AUTOS = YES_AGGRESSIVE;
				GCC_WARN_UNUSED_FUNCTION = YES;
				GCC_WARN_UNUSED_VARIABLE = YES;
				IPHONEOS_DEPLOYMENT_TARGET = 17.4;
				LOCALIZATION_PREFERS_STRING_CATALOGS = YES;
				MTL_ENABLE_DEBUG_INFO = INCLUDE_SOURCE;
				MTL_FAST_MATH = YES;
				ONLY_ACTIVE_ARCH = YES;
				SDKROOT = iphoneos;
				SWIFT_ACTIVE_COMPILATION_CONDITIONS = "DEBUG $(inherited)";
				SWIFT_OPTIMIZATION_LEVEL = "-Onone";
			};
			name = Debug;
		};
		B844AAAB2B9F2D8F00DE47C5 /* Release */ = {
			isa = XCBuildConfiguration;
			buildSettings = {
				ALWAYS_SEARCH_USER_PATHS = NO;
				ASSETCATALOG_COMPILER_GENERATE_SWIFT_ASSET_SYMBOL_EXTENSIONS = YES;
				CLANG_ANALYZER_NONNULL = YES;
				CLANG_ANALYZER_NUMBER_OBJECT_CONVERSION = YES_AGGRESSIVE;
				CLANG_CXX_LANGUAGE_STANDARD = "gnu++20";
				CLANG_ENABLE_MODULES = YES;
				CLANG_ENABLE_OBJC_ARC = YES;
				CLANG_ENABLE_OBJC_WEAK = YES;
				CLANG_WARN_BLOCK_CAPTURE_AUTORELEASING = YES;
				CLANG_WARN_BOOL_CONVERSION = YES;
				CLANG_WARN_COMMA = YES;
				CLANG_WARN_CONSTANT_CONVERSION = YES;
				CLANG_WARN_DEPRECATED_OBJC_IMPLEMENTATIONS = YES;
				CLANG_WARN_DIRECT_OBJC_ISA_USAGE = YES_ERROR;
				CLANG_WARN_DOCUMENTATION_COMMENTS = YES;
				CLANG_WARN_EMPTY_BODY = YES;
				CLANG_WARN_ENUM_CONVERSION = YES;
				CLANG_WARN_INFINITE_RECURSION = YES;
				CLANG_WARN_INT_CONVERSION = YES;
				CLANG_WARN_NON_LITERAL_NULL_CONVERSION = YES;
				CLANG_WARN_OBJC_IMPLICIT_RETAIN_SELF = YES;
				CLANG_WARN_OBJC_LITERAL_CONVERSION = YES;
				CLANG_WARN_OBJC_ROOT_CLASS = YES_ERROR;
				CLANG_WARN_QUOTED_INCLUDE_IN_FRAMEWORK_HEADER = YES;
				CLANG_WARN_RANGE_LOOP_ANALYSIS = YES;
				CLANG_WARN_STRICT_PROTOTYPES = YES;
				CLANG_WARN_SUSPICIOUS_MOVE = YES;
				CLANG_WARN_UNGUARDED_AVAILABILITY = YES_AGGRESSIVE;
				CLANG_WARN_UNREACHABLE_CODE = YES;
				CLANG_WARN__DUPLICATE_METHOD_MATCH = YES;
				COPY_PHASE_STRIP = NO;
				DEBUG_INFORMATION_FORMAT = "dwarf-with-dsym";
				ENABLE_NS_ASSERTIONS = NO;
				ENABLE_STRICT_OBJC_MSGSEND = YES;
				ENABLE_USER_SCRIPT_SANDBOXING = YES;
				GCC_C_LANGUAGE_STANDARD = gnu17;
				GCC_NO_COMMON_BLOCKS = YES;
				GCC_WARN_64_TO_32_BIT_CONVERSION = YES;
				GCC_WARN_ABOUT_RETURN_TYPE = YES_ERROR;
				GCC_WARN_UNDECLARED_SELECTOR = YES;
				GCC_WARN_UNINITIALIZED_AUTOS = YES_AGGRESSIVE;
				GCC_WARN_UNUSED_FUNCTION = YES;
				GCC_WARN_UNUSED_VARIABLE = YES;
				IPHONEOS_DEPLOYMENT_TARGET = 17.4;
				LOCALIZATION_PREFERS_STRING_CATALOGS = YES;
				MTL_ENABLE_DEBUG_INFO = NO;
				MTL_FAST_MATH = YES;
				SDKROOT = iphoneos;
				SWIFT_COMPILATION_MODE = wholemodule;
				VALIDATE_PRODUCT = YES;
			};
			name = Release;
		};
		B844AAAD2B9F2D8F00DE47C5 /* Debug */ = {
			isa = XCBuildConfiguration;
			buildSettings = {
				ASSETCATALOG_COMPILER_APPICON_NAME = AppIcon;
				ASSETCATALOG_COMPILER_GLOBAL_ACCENT_COLOR_NAME = AccentColor;
				CODE_SIGN_STYLE = Automatic;
				CURRENT_PROJECT_VERSION = 1;
				DEVELOPMENT_ASSET_PATHS = "\"Pinch/Preview Content\"";
				DEVELOPMENT_TEAM = P6PU4U3SQ5;
				ENABLE_PREVIEWS = YES;
				GENERATE_INFOPLIST_FILE = YES;
				INFOPLIST_KEY_UIApplicationSceneManifest_Generation = YES;
				INFOPLIST_KEY_UIApplicationSupportsIndirectInputEvents = YES;
				INFOPLIST_KEY_UILaunchScreen_Generation = YES;
				INFOPLIST_KEY_UISupportedInterfaceOrientations_iPad = "UIInterfaceOrientationPortrait UIInterfaceOrientationPortraitUpsideDown UIInterfaceOrientationLandscapeLeft UIInterfaceOrientationLandscapeRight";
				INFOPLIST_KEY_UISupportedInterfaceOrientations_iPhone = "UIInterfaceOrientationPortrait UIInterfaceOrientationLandscapeLeft UIInterfaceOrientationLandscapeRight";
				LD_RUNPATH_SEARCH_PATHS = (
					"$(inherited)",
					"@executable_path/Frameworks",
				);
				MARKETING_VERSION = 1.0;
				PRODUCT_BUNDLE_IDENTIFIER = com.emran.Pinch;
				PRODUCT_NAME = "$(TARGET_NAME)";
				SWIFT_EMIT_LOC_STRINGS = YES;
				SWIFT_VERSION = 5.0;
				TARGETED_DEVICE_FAMILY = "1,2";
			};
			name = Debug;
		};
		B844AAAE2B9F2D8F00DE47C5 /* Release */ = {
			isa = XCBuildConfiguration;
			buildSettings = {
				ASSETCATALOG_COMPILER_APPICON_NAME = AppIcon;
				ASSETCATALOG_COMPILER_GLOBAL_ACCENT_COLOR_NAME = AccentColor;
				CODE_SIGN_STYLE = Automatic;
				CURRENT_PROJECT_VERSION = 1;
				DEVELOPMENT_ASSET_PATHS = "\"Pinch/Preview Content\"";
				DEVELOPMENT_TEAM = P6PU4U3SQ5;
				ENABLE_PREVIEWS = YES;
				GENERATE_INFOPLIST_FILE = YES;
				INFOPLIST_KEY_UIApplicationSceneManifest_Generation = YES;
				INFOPLIST_KEY_UIApplicationSupportsIndirectInputEvents = YES;
				INFOPLIST_KEY_UILaunchScreen_Generation = YES;
				INFOPLIST_KEY_UISupportedInterfaceOrientations_iPad = "UIInterfaceOrientationPortrait UIInterfaceOrientationPortraitUpsideDown UIInterfaceOrientationLandscapeLeft UIInterfaceOrientationLandscapeRight";
				INFOPLIST_KEY_UISupportedInterfaceOrientations_iPhone = "UIInterfaceOrientationPortrait UIInterfaceOrientationLandscapeLeft UIInterfaceOrientationLandscapeRight";
				LD_RUNPATH_SEARCH_PATHS = (
					"$(inherited)",
					"@executable_path/Frameworks",
				);
				MARKETING_VERSION = 1.0;
				PRODUCT_BUNDLE_IDENTIFIER = com.emran.Pinch;
				PRODUCT_NAME = "$(TARGET_NAME)";
				SWIFT_EMIT_LOC_STRINGS = YES;
				SWIFT_VERSION = 5.0;
				TARGETED_DEVICE_FAMILY = "1,2";
			};
			name = Release;
		};
		B844AAB02B9F2D8F00DE47C5 /* Debug */ = {
			isa = XCBuildConfiguration;
			buildSettings = {
				ALWAYS_EMBED_SWIFT_STANDARD_LIBRARIES = YES;
				BUNDLE_LOADER = "$(TEST_HOST)";
				CODE_SIGN_STYLE = Automatic;
				CURRENT_PROJECT_VERSION = 1;
				DEVELOPMENT_TEAM = P6PU4U3SQ5;
				GENERATE_INFOPLIST_FILE = YES;
				IPHONEOS_DEPLOYMENT_TARGET = 17.4;
				MARKETING_VERSION = 1.0;
				PRODUCT_BUNDLE_IDENTIFIER = com.emran.PinchTests;
				PRODUCT_NAME = "$(TARGET_NAME)";
				SWIFT_EMIT_LOC_STRINGS = NO;
				SWIFT_VERSION = 5.0;
				TARGETED_DEVICE_FAMILY = "1,2";
				TEST_HOST = "$(BUILT_PRODUCTS_DIR)/Pinch.app/$(BUNDLE_EXECUTABLE_FOLDER_PATH)/Pinch";
			};
			name = Debug;
		};
		B844AAB12B9F2D8F00DE47C5 /* Release */ = {
			isa = XCBuildConfiguration;
			buildSettings = {
				ALWAYS_EMBED_SWIFT_STANDARD_LIBRARIES = YES;
				BUNDLE_LOADER = "$(TEST_HOST)";
				CODE_SIGN_STYLE = Automatic;
				CURRENT_PROJECT_VERSION = 1;
				DEVELOPMENT_TEAM = P6PU4U3SQ5;
				GENERATE_INFOPLIST_FILE = YES;
				IPHONEOS_DEPLOYMENT_TARGET = 17.4;
				MARKETING_VERSION = 1.0;
				PRODUCT_BUNDLE_IDENTIFIER = com.emran.PinchTests;
				PRODUCT_NAME = "$(TARGET_NAME)";
				SWIFT_EMIT_LOC_STRINGS = NO;
				SWIFT_VERSION = 5.0;
				TARGETED_DEVICE_FAMILY = "1,2";
				TEST_HOST = "$(BUILT_PRODUCTS_DIR)/Pinch.app/$(BUNDLE_EXECUTABLE_FOLDER_PATH)/Pinch";
			};
			name = Release;
		};
		B844AAB32B9F2D8F00DE47C5 /* Debug */ = {
			isa = XCBuildConfiguration;
			buildSettings = {
				ALWAYS_EMBED_SWIFT_STANDARD_LIBRARIES = YES;
				CODE_SIGN_STYLE = Automatic;
				CURRENT_PROJECT_VERSION = 1;
				DEVELOPMENT_TEAM = P6PU4U3SQ5;
				GENERATE_INFOPLIST_FILE = YES;
				MARKETING_VERSION = 1.0;
				PRODUCT_BUNDLE_IDENTIFIER = com.emran.PinchUITests;
				PRODUCT_NAME = "$(TARGET_NAME)";
				SWIFT_EMIT_LOC_STRINGS = NO;
				SWIFT_VERSION = 5.0;
				TARGETED_DEVICE_FAMILY = "1,2";
				TEST_TARGET_NAME = Pinch;
			};
			name = Debug;
		};
		B844AAB42B9F2D8F00DE47C5 /* Release */ = {
			isa = XCBuildConfiguration;
			buildSettings = {
				ALWAYS_EMBED_SWIFT_STANDARD_LIBRARIES = YES;
				CODE_SIGN_STYLE = Automatic;
				CURRENT_PROJECT_VERSION = 1;
				DEVELOPMENT_TEAM = P6PU4U3SQ5;
				GENERATE_INFOPLIST_FILE = YES;
				MARKETING_VERSION = 1.0;
				PRODUCT_BUNDLE_IDENTIFIER = com.emran.PinchUITests;
				PRODUCT_NAME = "$(TARGET_NAME)";
				SWIFT_EMIT_LOC_STRINGS = NO;
				SWIFT_VERSION = 5.0;
				TARGETED_DEVICE_FAMILY = "1,2";
				TEST_TARGET_NAME = Pinch;
			};
			name = Release;
		};
/* End XCBuildConfiguration section */

/* Begin XCConfigurationList section */
		B844AA832B9F2D8E00DE47C5 /* Build configuration list for PBXProject "Pinch" */ = {
			isa = XCConfigurationList;
			buildConfigurations = (
				B844AAAA2B9F2D8F00DE47C5 /* Debug */,
				B844AAAB2B9F2D8F00DE47C5 /* Release */,
			);
			defaultConfigurationIsVisible = 0;
			defaultConfigurationName = Release;
		};
		B844AAAC2B9F2D8F00DE47C5 /* Build configuration list for PBXNativeTarget "Pinch" */ = {
			isa = XCConfigurationList;
			buildConfigurations = (
				B844AAAD2B9F2D8F00DE47C5 /* Debug */,
				B844AAAE2B9F2D8F00DE47C5 /* Release */,
			);
			defaultConfigurationIsVisible = 0;
			defaultConfigurationName = Release;
		};
		B844AAAF2B9F2D8F00DE47C5 /* Build configuration list for PBXNativeTarget "PinchTests" */ = {
			isa = XCConfigurationList;
			buildConfigurations = (
				B844AAB02B9F2D8F00DE47C5 /* Debug */,
				B844AAB12B9F2D8F00DE47C5 /* Release */,
			);
			defaultConfigurationIsVisible = 0;
			defaultConfigurationName = Release;
		};
		B844AAB22B9F2D8F00DE47C5 /* Build configuration list for PBXNativeTarget "PinchUITests" */ = {
			isa = XCConfigurationList;
			buildConfigurations = (
				B844AAB32B9F2D8F00DE47C5 /* Debug */,
				B844AAB42B9F2D8F00DE47C5 /* Release */,
			);
			defaultConfigurationIsVisible = 0;
			defaultConfigurationName = Release;
		};
/* End XCConfigurationList section */
	};
	rootObject = B844AA802B9F2D8E00DE47C5 /* Project object */;
}
